
Microsoft Visual Studio Solution File, Format Version 12.00
# Visual Studio Version 17
VisualStudioVersion = 17.11.35312.102
MinimumVisualStudioVersion = 10.0.40219.1
Project("{9A19103F-16F7-4668-BE54-9A1E7A4F7556}") = "Education Manager", "Education Manager\Education Manager.csproj", "{5DF88C4C-3F3D-430C-B445-4B91403820B8}"
EndProject
Project("{9A19103F-16F7-4668-BE54-9A1E7A4F7556}") = "Core", "Core\Core.csproj", "{C0B19278-3D01-49F9-A93B-6F1E507CBEF8}"
EndProject
Project("{9A19103F-16F7-4668-BE54-9A1E7A4F7556}") = "DataManagment", "DataManagment\DataManagment.csproj", "{2A6C48AA-DCE6-43F8-A073-2728DA250C0C}"
EndProject
Project("{2150E333-8FDC-42A3-9474-1A3956D46DE8}") = "Task#1", "Task#1", "{43954B2C-5B9F-48C2-A621-58B5317A48C6}"
EndProject
Global
	GlobalSection(SolutionConfigurationPlatforms) = preSolution
		Debug|Any CPU = Debug|Any CPU
		Release|Any CPU = Release|Any CPU
	EndGlobalSection
	GlobalSection(ProjectConfigurationPlatforms) = postSolution
		{5DF88C4C-3F3D-430C-B445-4B91403820B8}.Debug|Any CPU.ActiveCfg = Debug|Any CPU
		{5DF88C4C-3F3D-430C-B445-4B91403820B8}.Debug|Any CPU.Build.0 = Debug|Any CPU
		{5DF88C4C-3F3D-430C-B445-4B91403820B8}.Release|Any CPU.ActiveCfg = Release|Any CPU
		{5DF88C4C-3F3D-430C-B445-4B91403820B8}.Release|Any CPU.Build.0 = Release|Any CPU
		{C0B19278-3D01-49F9-A93B-6F1E507CBEF8}.Debug|Any CPU.ActiveCfg = Debug|Any CPU
		{C0B19278-3D01-49F9-A93B-6F1E507CBEF8}.Debug|Any CPU.Build.0 = Debug|Any CPU
		{C0B19278-3D01-49F9-A93B-6F1E507CBEF8}.Release|Any CPU.ActiveCfg = Release|Any CPU
		{C0B19278-3D01-49F9-A93B-6F1E507CBEF8}.Release|Any CPU.Build.0 = Release|Any CPU
		{2A6C48AA-DCE6-43F8-A073-2728DA250C0C}.Debug|Any CPU.ActiveCfg = Debug|Any CPU
		{2A6C48AA-DCE6-43F8-A073-2728DA250C0C}.Debug|Any CPU.Build.0 = Debug|Any CPU
		{2A6C48AA-DCE6-43F8-A073-2728DA250C0C}.Release|Any CPU.ActiveCfg = Release|Any CPU
		{2A6C48AA-DCE6-43F8-A073-2728DA250C0C}.Release|Any CPU.Build.0 = Release|Any CPU
	EndGlobalSection
	GlobalSection(SolutionProperties) = preSolution
		HideSolutionNode = FALSE
	EndGlobalSection
	GlobalSection(NestedProjects) = preSolution
		{5DF88C4C-3F3D-430C-B445-4B91403820B8} = {43954B2C-5B9F-48C2-A621-58B5317A48C6}
		{C0B19278-3D01-49F9-A93B-6F1E507CBEF8} = {43954B2C-5B9F-48C2-A621-58B5317A48C6}
		{2A6C48AA-DCE6-43F8-A073-2728DA250C0C} = {43954B2C-5B9F-48C2-A621-58B5317A48C6}
	EndGlobalSection
	GlobalSection(ExtensibilityGlobals) = postSolution
		SolutionGuid = {2767F03F-258A-46B2-A2AB-66726E733AD0}
	EndGlobalSection
EndGlobal
